{
  "originHash" : "b72ffb8f1dce4db5da41ab52609711a40712004a497fbe8da4f7e5a06002fd7d",
  "pins" : [
    {
      "identity" : "swiftui-onboarding",
      "kind" : "remoteSourceControl",
      "location" : "https://github.com/Sedlacek-Solutions/SwiftUI-Onboarding.git",
      "state" : {
        "revision" : "abc75fa48204dc281387579580d83e5a669efa02",
        "version" : "2.2.1"
      }
    },
    {
      "identity" : "swiftui-shimmer",
      "kind" : "remoteSourceControl",
      "location" : "https://github.com/markiv/SwiftUI-Shimmer.git",
      "state" : {
        "revision" : "0226e21f9bf355d40e07e5f5e1c33679d50e167f",
        "version" : "1.5.1"
      }
    }
  ],
  "version" : 3
}
